
Microsoft Visual Studio Solution File, Format Version 12.00
# Visual Studio Version 17
VisualStudioVersion = 17.7.34031.279
MinimumVisualStudioVersion = 10.0.40219.1
Project("{FAE04EC0-301F-11D3-BF4B-00C04F79EFBC}") = "Goku_Shop", "Goku_Shop\Goku_Shop.csproj", "{A718E332-3CEA-46C0-B961-A98F57E255CD}"
EndProject
Global
	GlobalSection(SolutionConfigurationPlatforms) = preSolution
		Debug|Any CPU = Debug|Any CPU
		Release|Any CPU = Release|Any CPU
	EndGlobalSection
	GlobalSection(ProjectConfigurationPlatforms) = postSolution
		{A718E332-3CEA-46C0-B961-A98F57E255CD}.Debug|Any CPU.ActiveCfg = Debug|Any CPU
		{A718E332-3CEA-46C0-B961-A98F57E255CD}.Debug|Any CPU.Build.0 = Debug|Any CPU
		{A718E332-3CEA-46C0-B961-A98F57E255CD}.Release|Any CPU.ActiveCfg = Release|Any CPU
		{A718E332-3CEA-46C0-B961-A98F57E255CD}.Release|Any CPU.Build.0 = Release|Any CPU
	EndGlobalSection
	GlobalSection(SolutionProperties) = preSolution
		HideSolutionNode = FALSE
	EndGlobalSection
	GlobalSection(ExtensibilityGlobals) = postSolution
		SolutionGuid = {88FDC2D9-D118-4380-A85D-A4B613813624}
	EndGlobalSection
EndGlobal
